
Microsoft Visual Studio Solution File, Format Version 12.00
# Visual Studio Version 17
VisualStudioVersion = 17.11.35327.3
MinimumVisualStudioVersion = 10.0.40219.1
Project("{FAE04EC0-301F-11D3-BF4B-00C04F79EFBC}") = "JPTBackend", "JPTBackend.csproj", "{A46141C0-5D2D-494F-BF7E-52882D6AE37B}"
EndProject
Global
	GlobalSection(SolutionConfigurationPlatforms) = preSolution
		Debug|Any CPU = Debug|Any CPU
		Release|Any CPU = Release|Any CPU
	EndGlobalSection
	GlobalSection(ProjectConfigurationPlatforms) = postSolution
		{A46141C0-5D2D-494F-BF7E-52882D6AE37B}.Debug|Any CPU.ActiveCfg = Debug|Any CPU
		{A46141C0-5D2D-494F-BF7E-52882D6AE37B}.Debug|Any CPU.Build.0 = Debug|Any CPU
		{A46141C0-5D2D-494F-BF7E-52882D6AE37B}.Release|Any CPU.ActiveCfg = Release|Any CPU
		{A46141C0-5D2D-494F-BF7E-52882D6AE37B}.Release|Any CPU.Build.0 = Release|Any CPU
	EndGlobalSection
	GlobalSection(SolutionProperties) = preSolution
		HideSolutionNode = FALSE
	EndGlobalSection
	GlobalSection(ExtensibilityGlobals) = postSolution
		SolutionGuid = {FF25C45E-C77C-4EE2-BFE9-F1DAD8B1212C}
	EndGlobalSection
EndGlobal
